
Microsoft Visual Studio Solution File, Format Version 12.00
# Visual Studio Version 17
VisualStudioVersion = 17.10.35013.160
MinimumVisualStudioVersion = 10.0.40219.1
Project("{FAE04EC0-301F-11D3-BF4B-00C04F79EFBC}") = "4M02Stepper", "4M02Stepper\4M02Stepper.csproj", "{EA88E40D-7553-4EC4-AE25-C75D23124183}"
EndProject
Global
	GlobalSection(SolutionConfigurationPlatforms) = preSolution
		Debug|Any CPU = Debug|Any CPU
		Release|Any CPU = Release|Any CPU
	EndGlobalSection
	GlobalSection(ProjectConfigurationPlatforms) = postSolution
		{EA88E40D-7553-4EC4-AE25-C75D23124183}.Debug|Any CPU.ActiveCfg = Debug|Any CPU
		{EA88E40D-7553-4EC4-AE25-C75D23124183}.Debug|Any CPU.Build.0 = Debug|Any CPU
		{EA88E40D-7553-4EC4-AE25-C75D23124183}.Debug|Any CPU.Deploy.0 = Debug|Any CPU
		{EA88E40D-7553-4EC4-AE25-C75D23124183}.Release|Any CPU.ActiveCfg = Release|Any CPU
		{EA88E40D-7553-4EC4-AE25-C75D23124183}.Release|Any CPU.Build.0 = Release|Any CPU
		{EA88E40D-7553-4EC4-AE25-C75D23124183}.Release|Any CPU.Deploy.0 = Release|Any CPU
	EndGlobalSection
	GlobalSection(SolutionProperties) = preSolution
		HideSolutionNode = FALSE
	EndGlobalSection
	GlobalSection(ExtensibilityGlobals) = postSolution
		SolutionGuid = {0E442BEB-ABED-4BC9-ACEB-02CDA080F622}
	EndGlobalSection
EndGlobal
